
Microsoft Visual Studio Solution File, Format Version 12.00
# Visual Studio 2012
Project("{535C04D7-A2A5-47C7-83E0-B340A995CD1F}") = "BookApp", "BookApp.cblproj", "{DA68DAB2-C73D-46D1-91DE-D86A35DF7EBD}"
EndProject
Global
	GlobalSection(SolutionConfigurationPlatforms) = preSolution
		Debug|Any CPU = Debug|Any CPU
		Release|Any CPU = Release|Any CPU
	EndGlobalSection
	GlobalSection(ProjectConfigurationPlatforms) = postSolution
		{DA68DAB2-C73D-46D1-91DE-D86A35DF7EBD}.Debug|Any CPU.ActiveCfg = Debug|Any CPU
		{DA68DAB2-C73D-46D1-91DE-D86A35DF7EBD}.Debug|Any CPU.Build.0 = Debug|Any CPU
		{DA68DAB2-C73D-46D1-91DE-D86A35DF7EBD}.Release|Any CPU.ActiveCfg = Release|Any CPU
		{DA68DAB2-C73D-46D1-91DE-D86A35DF7EBD}.Release|Any CPU.Build.0 = Release|Any CPU
	EndGlobalSection
	GlobalSection(SolutionProperties) = preSolution
		HideSolutionNode = FALSE
	EndGlobalSection
EndGlobal
